{
    "_meta": {
        "hash": {
            "sha256": "d1a3c38db28a31ee5ec758a45359f34e17be495955772047c810ca5c3d8e30ab"
        },
        "host-environment-markers": {
            "implementation_name": "cpython",
            "implementation_version": "3.6.4",
            "os_name": "posix",
            "platform_machine": "x86_64",
            "platform_python_implementation": "CPython",
            "platform_release": "17.7.0",
            "platform_system": "Darwin",
            "platform_version": "Darwin Kernel Version 17.7.0: Thu Jun 21 22:53:14 PDT 2018; root:xnu-4570.71.2~1/RELEASE_X86_64",
            "python_full_version": "3.6.4",
            "python_version": "3.6",
            "sys_platform": "darwin"
        },
        "pipfile-spec": 6,
        "requires": {},
        "sources": [
            {
                "name": "pypi",
                "url": "https://pypi.python.org/simple",
                "verify_ssl": true
            }
        ]
    },
    "default": {
        "invoke": {
            "hashes": [
                "sha256:3e8e2c2e69493227e210a1d19ccc7c44189240385dda4c9b8eb5d98fa0f68a3e",
                "sha256:1db6cf918e5df10efe4d61101b19763abe1510b6b2fe8c553daba25476de8044",
                "sha256:265eead8c89805a2ac5083200842db6da7636ac63fb4fe0d1121b930770f3e2a"
            ],
            "version": "==1.1.0"
        },
        "markdown2": {
            "hashes": [
                "sha256:8bb9a24eb2aa02f1427aabe46483f0f0215ab18c8a345315ae8e2ee3c3a09c03"
            ],
            "version": "==2.3.5"
        },
        "shu": {
            "git": "https://github.com/feihong/shu.git",
            "ref": "1.0"
        }
    },
    "develop": {}
}
