{
    "_meta": {
        "hash": {
            "sha256": "ca2ed586441fedd6c3e2b7a52c81c8c9131fa7e0301a03fcdf9a493d4eeeaa37"
        },
        "host-environment-markers": {
            "implementation_name": "cpython",
            "implementation_version": "3.6.1",
            "os_name": "posix",
            "platform_machine": "x86_64",
            "platform_python_implementation": "CPython",
            "platform_release": "17.3.0",
            "platform_system": "Darwin",
            "platform_version": "Darwin Kernel Version 17.3.0: Thu Nov  9 18:09:22 PST 2017; root:xnu-4570.31.3~1/RELEASE_X86_64",
            "python_full_version": "3.6.1",
            "python_version": "3.6",
            "sys_platform": "darwin"
        },
        "pipfile-spec": 6,
        "requires": {},
        "sources": [
            {
                "name": "pypi",
                "url": "https://pypi.python.org/simple",
                "verify_ssl": true
            }
        ]
    },
    "default": {
        "invoke": {
            "hashes": [
                "sha256:a90acf9fd9d863dba4545b369c4ca547de4ca76228ca52c78cf224e7eecce0e9",
                "sha256:66434bf48dcffea232e8ada3a7e252cc10928871c46f39ece123c6a5753c0d0c",
                "sha256:6c572a09849e1452ff65c674d4531a940366278194af86315e458f8457192274"
            ],
            "version": "==0.22.0"
        },
        "markdown2": {
            "hashes": [
                "sha256:8bb9a24eb2aa02f1427aabe46483f0f0215ab18c8a345315ae8e2ee3c3a09c03"
            ],
            "version": "==2.3.5"
        },
        "shu": {
            "git": "https://github.com/feihong/shu.git"
        }
    },
    "develop": {}
}
